
Microsoft Visual Studio Solution File, Format Version 12.00
# Visual Studio Version 16
VisualStudioVersion = 16.0.30907.101
MinimumVisualStudioVersion = 10.0.40219.1
Project("{9A19103F-16F7-4668-BE54-9A1E7A4F7556}") = "RuletaClean.Api", "ApiRuletaClean\RuletaClean.Api.csproj", "{4F0EFE42-9020-4497-969C-1A492300B3FC}"
EndProject
Project("{9A19103F-16F7-4668-BE54-9A1E7A4F7556}") = "RuletaClean.Core", "RuletaClean.Core\RuletaClean.Core.csproj", "{DF9E41ED-4755-4D1B-975E-E36B087429C6}"
EndProject
Project("{9A19103F-16F7-4668-BE54-9A1E7A4F7556}") = "RuletaClean.Infrastructure", "RuletaClean.Infrastructure\RuletaClean.Infrastructure.csproj", "{2B621676-6EF0-492F-8B49-2E7301DA9898}"
EndProject
Global
	GlobalSection(SolutionConfigurationPlatforms) = preSolution
		Debug|Any CPU = Debug|Any CPU
		Release|Any CPU = Release|Any CPU
	EndGlobalSection
	GlobalSection(ProjectConfigurationPlatforms) = postSolution
		{4F0EFE42-9020-4497-969C-1A492300B3FC}.Debug|Any CPU.ActiveCfg = Debug|Any CPU
		{4F0EFE42-9020-4497-969C-1A492300B3FC}.Debug|Any CPU.Build.0 = Debug|Any CPU
		{4F0EFE42-9020-4497-969C-1A492300B3FC}.Release|Any CPU.ActiveCfg = Release|Any CPU
		{4F0EFE42-9020-4497-969C-1A492300B3FC}.Release|Any CPU.Build.0 = Release|Any CPU
		{DF9E41ED-4755-4D1B-975E-E36B087429C6}.Debug|Any CPU.ActiveCfg = Debug|Any CPU
		{DF9E41ED-4755-4D1B-975E-E36B087429C6}.Debug|Any CPU.Build.0 = Debug|Any CPU
		{DF9E41ED-4755-4D1B-975E-E36B087429C6}.Release|Any CPU.ActiveCfg = Release|Any CPU
		{DF9E41ED-4755-4D1B-975E-E36B087429C6}.Release|Any CPU.Build.0 = Release|Any CPU
		{2B621676-6EF0-492F-8B49-2E7301DA9898}.Debug|Any CPU.ActiveCfg = Debug|Any CPU
		{2B621676-6EF0-492F-8B49-2E7301DA9898}.Debug|Any CPU.Build.0 = Debug|Any CPU
		{2B621676-6EF0-492F-8B49-2E7301DA9898}.Release|Any CPU.ActiveCfg = Release|Any CPU
		{2B621676-6EF0-492F-8B49-2E7301DA9898}.Release|Any CPU.Build.0 = Release|Any CPU
	EndGlobalSection
	GlobalSection(SolutionProperties) = preSolution
		HideSolutionNode = FALSE
	EndGlobalSection
	GlobalSection(ExtensibilityGlobals) = postSolution
		SolutionGuid = {0E00E860-3454-4832-B3E1-8D8C91B8BB86}
	EndGlobalSection
EndGlobal
